// !$*UTF8*$!
{
	archiveVersion = 1;
	classes = {
	};
	objectVersion = 46;
	objects = {

/* Begin PBXBuildFile section */
		06DA46EE7A8CAAF51B10E2EB /* Pods_NewsArchives.framework in Frameworks */ = {isa = PBXBuildFile; fileRef = A87C565193FFA78DC8927F7D /* Pods_NewsArchives.framework */; };
		C101D35E22AC24CE00B1F0F1 /* Agency.swift in Sources */ = {isa = PBXBuildFile; fileRef = C101D35D22AC24CE00B1F0F1 /* Agency.swift */; };
		C101D36122AD13C800B1F0F1 /* AgencyViewModel.swift in Sources */ = {isa = PBXBuildFile; fileRef = C101D36022AD13C800B1F0F1 /* AgencyViewModel.swift */; };
		C101D36422AD34FD00B1F0F1 /* SearchViewModel.swift in Sources */ = {isa = PBXBuildFile; fileRef = C101D36322AD34FD00B1F0F1 /* SearchViewModel.swift */; };
		C101D36622AD700C00B1F0F1 /* TitleDetailsTableViewCell.swift in Sources */ = {isa = PBXBuildFile; fileRef = C101D36522AD700C00B1F0F1 /* TitleDetailsTableViewCell.swift */; };
		C12D702922A838D400A8A8CC /* TitleTableViewCell.swift in Sources */ = {isa = PBXBuildFile; fileRef = C12D702822A838D400A8A8CC /* TitleTableViewCell.swift */; };
		C12D702B22A848E000A8A8CC /* SearchViewController.swift in Sources */ = {isa = PBXBuildFile; fileRef = C12D702A22A848E000A8A8CC /* SearchViewController.swift */; };
		F41BBF4E22AD8736005FB9A7 /* StorageHandler.swift in Sources */ = {isa = PBXBuildFile; fileRef = F41BBF4D22AD8736005FB9A7 /* StorageHandler.swift */; };
		F443D5A622A7D8D300D1675D /* AppDelegate.swift in Sources */ = {isa = PBXBuildFile; fileRef = F443D5A522A7D8D300D1675D /* AppDelegate.swift */; };
		F443D5A822A7D8D300D1675D /* AgencyViewController.swift in Sources */ = {isa = PBXBuildFile; fileRef = F443D5A722A7D8D300D1675D /* AgencyViewController.swift */; };
		F443D5AB22A7D8D300D1675D /* Main.storyboard in Resources */ = {isa = PBXBuildFile; fileRef = F443D5A922A7D8D300D1675D /* Main.storyboard */; };
		F443D5AE22A7D8D300D1675D /* NewsArchives.xcdatamodeld in Sources */ = {isa = PBXBuildFile; fileRef = F443D5AC22A7D8D300D1675D /* NewsArchives.xcdatamodeld */; };
		F443D5B022A7D8D300D1675D /* Assets.xcassets in Resources */ = {isa = PBXBuildFile; fileRef = F443D5AF22A7D8D300D1675D /* Assets.xcassets */; };
		F443D5B322A7D8D300D1675D /* LaunchScreen.storyboard in Resources */ = {isa = PBXBuildFile; fileRef = F443D5B122A7D8D300D1675D /* LaunchScreen.storyboard */; };
		F44E600722A8333100B60AD0 /* ApiLinks.swift in Sources */ = {isa = PBXBuildFile; fileRef = F44E600622A8333100B60AD0 /* ApiLinks.swift */; };
		F44E600A22A8339F00B60AD0 /* Issue.swift in Sources */ = {isa = PBXBuildFile; fileRef = F44E600922A8339F00B60AD0 /* Issue.swift */; };
		F48EB4D022A830BE0060AD2A /* WebServiceHandler.swift in Sources */ = {isa = PBXBuildFile; fileRef = F48EB4CF22A830BE0060AD2A /* WebServiceHandler.swift */; };
/* End PBXBuildFile section */

/* Begin PBXFileReference section */
		6CF5CCFFAE496EF9C54AFCAD /* Pods-NewsArchives.release.xcconfig */ = {isa = PBXFileReference; includeInIndex = 1; lastKnownFileType = text.xcconfig; name = "Pods-NewsArchives.release.xcconfig"; path = "Target Support Files/Pods-NewsArchives/Pods-NewsArchives.release.xcconfig"; sourceTree = "<group>"; };
		A87C565193FFA78DC8927F7D /* Pods_NewsArchives.framework */ = {isa = PBXFileReference; explicitFileType = wrapper.framework; includeInIndex = 0; path = Pods_NewsArchives.framework; sourceTree = BUILT_PRODUCTS_DIR; };
		C101D35D22AC24CE00B1F0F1 /* Agency.swift */ = {isa = PBXFileReference; lastKnownFileType = sourcecode.swift; path = Agency.swift; sourceTree = "<group>"; };
		C101D36022AD13C800B1F0F1 /* AgencyViewModel.swift */ = {isa = PBXFileReference; lastKnownFileType = sourcecode.swift; path = AgencyViewModel.swift; sourceTree = "<group>"; };
		C101D36322AD34FD00B1F0F1 /* SearchViewModel.swift */ = {isa = PBXFileReference; lastKnownFileType = sourcecode.swift; path = SearchViewModel.swift; sourceTree = "<group>"; };
		C101D36522AD700C00B1F0F1 /* TitleDetailsTableViewCell.swift */ = {isa = PBXFileReference; lastKnownFileType = sourcecode.swift; path = TitleDetailsTableViewCell.swift; sourceTree = "<group>"; };
		C12D702822A838D400A8A8CC /* TitleTableViewCell.swift */ = {isa = PBXFileReference; lastKnownFileType = sourcecode.swift; path = TitleTableViewCell.swift; sourceTree = "<group>"; };
		C12D702A22A848E000A8A8CC /* SearchViewController.swift */ = {isa = PBXFileReference; lastKnownFileType = sourcecode.swift; path = SearchViewController.swift; sourceTree = "<group>"; };
		E12EAD2AAC18B78F663CC848 /* Pods-NewsArchives.debug.xcconfig */ = {isa = PBXFileReference; includeInIndex = 1; lastKnownFileType = text.xcconfig; name = "Pods-NewsArchives.debug.xcconfig"; path = "Target Support Files/Pods-NewsArchives/Pods-NewsArchives.debug.xcconfig"; sourceTree = "<group>"; };
		F41BBF4D22AD8736005FB9A7 /* StorageHandler.swift */ = {isa = PBXFileReference; lastKnownFileType = sourcecode.swift; path = StorageHandler.swift; sourceTree = "<group>"; };
		F443D5A222A7D8D300D1675D /* NewsArchives.app */ = {isa = PBXFileReference; explicitFileType = wrapper.application; includeInIndex = 0; path = NewsArchives.app; sourceTree = BUILT_PRODUCTS_DIR; };
		F443D5A522A7D8D300D1675D /* AppDelegate.swift */ = {isa = PBXFileReference; lastKnownFileType = sourcecode.swift; path = AppDelegate.swift; sourceTree = "<group>"; };
		F443D5A722A7D8D300D1675D /* AgencyViewController.swift */ = {isa = PBXFileReference; lastKnownFileType = sourcecode.swift; path = AgencyViewController.swift; sourceTree = "<group>"; };
		F443D5AA22A7D8D300D1675D /* Base */ = {isa = PBXFileReference; lastKnownFileType = file.storyboard; name = Base; path = Base.lproj/Main.storyboard; sourceTree = "<group>"; };
		F443D5AD22A7D8D300D1675D /* NewsArchives.xcdatamodel */ = {isa = PBXFileReference; lastKnownFileType = wrapper.xcdatamodel; path = NewsArchives.xcdatamodel; sourceTree = "<group>"; };
		F443D5AF22A7D8D300D1675D /* Assets.xcassets */ = {isa = PBXFileReference; lastKnownFileType = folder.assetcatalog; path = Assets.xcassets; sourceTree = "<group>"; };
		F443D5B222A7D8D300D1675D /* Base */ = {isa = PBXFileReference; lastKnownFileType = file.storyboard; name = Base; path = Base.lproj/LaunchScreen.storyboard; sourceTree = "<group>"; };
		F443D5B422A7D8D300D1675D /* Info.plist */ = {isa = PBXFileReference; lastKnownFileType = text.plist.xml; path = Info.plist; sourceTree = "<group>"; };
		F44E600622A8333100B60AD0 /* ApiLinks.swift */ = {isa = PBXFileReference; lastKnownFileType = sourcecode.swift; path = ApiLinks.swift; sourceTree = "<group>"; };
		F44E600922A8339F00B60AD0 /* Issue.swift */ = {isa = PBXFileReference; lastKnownFileType = sourcecode.swift; path = Issue.swift; sourceTree = "<group>"; };
		F48EB4CF22A830BE0060AD2A /* WebServiceHandler.swift */ = {isa = PBXFileReference; lastKnownFileType = sourcecode.swift; path = WebServiceHandler.swift; sourceTree = "<group>"; };
/* End PBXFileReference section */

/* Begin PBXFrameworksBuildPhase section */
		F443D59F22A7D8D300D1675D /* Frameworks */ = {
			isa = PBXFrameworksBuildPhase;
			buildActionMask = 2147483647;
			files = (
				06DA46EE7A8CAAF51B10E2EB /* Pods_NewsArchives.framework in Frameworks */,
			);
			runOnlyForDeploymentPostprocessing = 0;
		};
/* End PBXFrameworksBuildPhase section */

/* Begin PBXGroup section */
		ABAE2A9CCC1E8C49DAC77C6E /* Frameworks */ = {
			isa = PBXGroup;
			children = (
				A87C565193FFA78DC8927F7D /* Pods_NewsArchives.framework */,
			);
			name = Frameworks;
			sourceTree = "<group>";
		};
		C088515DC9511CF0F3486F04 /* Pods */ = {
			isa = PBXGroup;
			children = (
				E12EAD2AAC18B78F663CC848 /* Pods-NewsArchives.debug.xcconfig */,
				6CF5CCFFAE496EF9C54AFCAD /* Pods-NewsArchives.release.xcconfig */,
			);
			path = Pods;
			sourceTree = "<group>";
		};
		C101D35F22AD13AA00B1F0F1 /* ViewModel */ = {
			isa = PBXGroup;
			children = (
				C101D36022AD13C800B1F0F1 /* AgencyViewModel.swift */,
				C101D36322AD34FD00B1F0F1 /* SearchViewModel.swift */,
			);
			path = ViewModel;
			sourceTree = "<group>";
		};
		C101D36222AD319B00B1F0F1 /* Views */ = {
			isa = PBXGroup;
			children = (
				C12D702822A838D400A8A8CC /* TitleTableViewCell.swift */,
				C12D702A22A848E000A8A8CC /* SearchViewController.swift */,
				F443D5A722A7D8D300D1675D /* AgencyViewController.swift */,
				C101D36522AD700C00B1F0F1 /* TitleDetailsTableViewCell.swift */,
			);
			path = Views;
			sourceTree = "<group>";
		};
		F41BBF4C22AD86FE005FB9A7 /* CoreData */ = {
			isa = PBXGroup;
			children = (
				F41BBF4D22AD8736005FB9A7 /* StorageHandler.swift */,
			);
			path = CoreData;
			sourceTree = "<group>";
		};
		F443D59922A7D8D300D1675D = {
			isa = PBXGroup;
			children = (
				F443D5A422A7D8D300D1675D /* NewsArchives */,
				F443D5A322A7D8D300D1675D /* Products */,
				C088515DC9511CF0F3486F04 /* Pods */,
				ABAE2A9CCC1E8C49DAC77C6E /* Frameworks */,
			);
			sourceTree = "<group>";
		};
		F443D5A322A7D8D300D1675D /* Products */ = {
			isa = PBXGroup;
			children = (
				F443D5A222A7D8D300D1675D /* NewsArchives.app */,
			);
			name = Products;
			sourceTree = "<group>";
		};
		F443D5A422A7D8D300D1675D /* NewsArchives */ = {
			isa = PBXGroup;
			children = (
				F41BBF4C22AD86FE005FB9A7 /* CoreData */,
				C101D36222AD319B00B1F0F1 /* Views */,
				C101D35F22AD13AA00B1F0F1 /* ViewModel */,
				F44E600822A8336600B60AD0 /* Models */,
				F48EB4CE22A830090060AD2A /* Networking */,
				F443D5A522A7D8D300D1675D /* AppDelegate.swift */,
				F443D5A922A7D8D300D1675D /* Main.storyboard */,
				F443D5AF22A7D8D300D1675D /* Assets.xcassets */,
				F443D5B122A7D8D300D1675D /* LaunchScreen.storyboard */,
				F443D5B422A7D8D300D1675D /* Info.plist */,
				F443D5AC22A7D8D300D1675D /* NewsArchives.xcdatamodeld */,
			);
			path = NewsArchives;
			sourceTree = "<group>";
		};
		F44E600822A8336600B60AD0 /* Models */ = {
			isa = PBXGroup;
			children = (
				F44E600922A8339F00B60AD0 /* Issue.swift */,
				C101D35D22AC24CE00B1F0F1 /* Agency.swift */,
			);
			path = Models;
			sourceTree = "<group>";
		};
		F48EB4CE22A830090060AD2A /* Networking */ = {
			isa = PBXGroup;
			children = (
				F48EB4CF22A830BE0060AD2A /* WebServiceHandler.swift */,
				F44E600622A8333100B60AD0 /* ApiLinks.swift */,
			);
			path = Networking;
			sourceTree = "<group>";
		};
/* End PBXGroup section */

/* Begin PBXNativeTarget section */
		F443D5A122A7D8D300D1675D /* NewsArchives */ = {
			isa = PBXNativeTarget;
			buildConfigurationList = F443D5B722A7D8D300D1675D /* Build configuration list for PBXNativeTarget "NewsArchives" */;
			buildPhases = (
				C603A595DCE0CE56543A3F37 /* [CP] Check Pods Manifest.lock */,
				F443D59E22A7D8D300D1675D /* Sources */,
				F443D59F22A7D8D300D1675D /* Frameworks */,
				F443D5A022A7D8D300D1675D /* Resources */,
				AAD42AD13C81D325D33B93A5 /* [CP] Embed Pods Frameworks */,
			);
			buildRules = (
			);
			dependencies = (
			);
			name = NewsArchives;
			productName = NewsArchives;
			productReference = F443D5A222A7D8D300D1675D /* NewsArchives.app */;
			productType = "com.apple.product-type.application";
		};
/* End PBXNativeTarget section */

/* Begin PBXProject section */
		F443D59A22A7D8D300D1675D /* Project object */ = {
			isa = PBXProject;
			attributes = {
				LastSwiftUpdateCheck = 0830;
				LastUpgradeCheck = 0830;
				ORGANIZATIONNAME = "Shaunak Jagtap";
				TargetAttributes = {
					F443D5A122A7D8D300D1675D = {
						CreatedOnToolsVersion = 8.3.2;
						ProvisioningStyle = Automatic;
					};
				};
			};
			buildConfigurationList = F443D59D22A7D8D300D1675D /* Build configuration list for PBXProject "NewsArchives" */;
			compatibilityVersion = "Xcode 3.2";
			developmentRegion = English;
			hasScannedForEncodings = 0;
			knownRegions = (
				en,
				Base,
			);
			mainGroup = F443D59922A7D8D300D1675D;
			productRefGroup = F443D5A322A7D8D300D1675D /* Products */;
			projectDirPath = "";
			projectRoot = "";
			targets = (
				F443D5A122A7D8D300D1675D /* NewsArchives */,
			);
		};
/* End PBXProject section */

/* Begin PBXResourcesBuildPhase section */
		F443D5A022A7D8D300D1675D /* Resources */ = {
			isa = PBXResourcesBuildPhase;
			buildActionMask = 2147483647;
			files = (
				F443D5B322A7D8D300D1675D /* LaunchScreen.storyboard in Resources */,
				F443D5B022A7D8D300D1675D /* Assets.xcassets in Resources */,
				F443D5AB22A7D8D300D1675D /* Main.storyboard in Resources */,
			);
			runOnlyForDeploymentPostprocessing = 0;
		};
/* End PBXResourcesBuildPhase section */

/* Begin PBXShellScriptBuildPhase section */
		AAD42AD13C81D325D33B93A5 /* [CP] Embed Pods Frameworks */ = {
			isa = PBXShellScriptBuildPhase;
			buildActionMask = 2147483647;
			files = (
			);
			inputPaths = (
				"${PODS_ROOT}/Target Support Files/Pods-NewsArchives/Pods-NewsArchives-frameworks.sh",
				"${BUILT_PRODUCTS_DIR}/Alamofire/Alamofire.framework",
			);
			name = "[CP] Embed Pods Frameworks";
			outputPaths = (
				"${TARGET_BUILD_DIR}/${FRAMEWORKS_FOLDER_PATH}/Alamofire.framework",
			);
			runOnlyForDeploymentPostprocessing = 0;
			shellPath = /bin/sh;
			shellScript = "\"${PODS_ROOT}/Target Support Files/Pods-NewsArchives/Pods-NewsArchives-frameworks.sh\"\n";
			showEnvVarsInLog = 0;
		};
		C603A595DCE0CE56543A3F37 /* [CP] Check Pods Manifest.lock */ = {
			isa = PBXShellScriptBuildPhase;
			buildActionMask = 2147483647;
			files = (
			);
			inputPaths = (
				"${PODS_PODFILE_DIR_PATH}/Podfile.lock",
				"${PODS_ROOT}/Manifest.lock",
			);
			name = "[CP] Check Pods Manifest.lock";
			outputPaths = (
				"$(DERIVED_FILE_DIR)/Pods-NewsArchives-checkManifestLockResult.txt",
			);
			runOnlyForDeploymentPostprocessing = 0;
			shellPath = /bin/sh;
			shellScript = "diff \"${PODS_PODFILE_DIR_PATH}/Podfile.lock\" \"${PODS_ROOT}/Manifest.lock\" > /dev/null\nif [ $? != 0 ] ; then\n    # print error to STDERR\n    echo \"error: The sandbox is not in sync with the Podfile.lock. Run 'pod install' or update your CocoaPods installation.\" >&2\n    exit 1\nfi\n# This output is used by Xcode 'outputs' to avoid re-running this script phase.\necho \"SUCCESS\" > \"${SCRIPT_OUTPUT_FILE_0}\"\n";
			showEnvVarsInLog = 0;
		};
/* End PBXShellScriptBuildPhase section */

/* Begin PBXSourcesBuildPhase section */
		F443D59E22A7D8D300D1675D /* Sources */ = {
			isa = PBXSourcesBuildPhase;
			buildActionMask = 2147483647;
			files = (
				C101D36422AD34FD00B1F0F1 /* SearchViewModel.swift in Sources */,
				C12D702B22A848E000A8A8CC /* SearchViewController.swift in Sources */,
				C101D35E22AC24CE00B1F0F1 /* Agency.swift in Sources */,
				C12D702922A838D400A8A8CC /* TitleTableViewCell.swift in Sources */,
				F41BBF4E22AD8736005FB9A7 /* StorageHandler.swift in Sources */,
				F48EB4D022A830BE0060AD2A /* WebServiceHandler.swift in Sources */,
				C101D36622AD700C00B1F0F1 /* TitleDetailsTableViewCell.swift in Sources */,
				F443D5A822A7D8D300D1675D /* AgencyViewController.swift in Sources */,
				C101D36122AD13C800B1F0F1 /* AgencyViewModel.swift in Sources */,
				F443D5A622A7D8D300D1675D /* AppDelegate.swift in Sources */,
				F44E600722A8333100B60AD0 /* ApiLinks.swift in Sources */,
				F443D5AE22A7D8D300D1675D /* NewsArchives.xcdatamodeld in Sources */,
				F44E600A22A8339F00B60AD0 /* Issue.swift in Sources */,
			);
			runOnlyForDeploymentPostprocessing = 0;
		};
/* End PBXSourcesBuildPhase section */

/* Begin PBXVariantGroup section */
		F443D5A922A7D8D300D1675D /* Main.storyboard */ = {
			isa = PBXVariantGroup;
			children = (
				F443D5AA22A7D8D300D1675D /* Base */,
			);
			name = Main.storyboard;
			sourceTree = "<group>";
		};
		F443D5B122A7D8D300D1675D /* LaunchScreen.storyboard */ = {
			isa = PBXVariantGroup;
			children = (
				F443D5B222A7D8D300D1675D /* Base */,
			);
			name = LaunchScreen.storyboard;
			sourceTree = "<group>";
		};
/* End PBXVariantGroup section */

/* Begin XCBuildConfiguration section */
		F443D5B522A7D8D300D1675D /* Debug */ = {
			isa = XCBuildConfiguration;
			buildSettings = {
				ALWAYS_SEARCH_USER_PATHS = NO;
				CLANG_ANALYZER_NONNULL = YES;
				CLANG_ANALYZER_NUMBER_OBJECT_CONVERSION = YES_AGGRESSIVE;
				CLANG_CXX_LANGUAGE_STANDARD = "gnu++0x";
				CLANG_CXX_LIBRARY = "libc++";
				CLANG_ENABLE_MODULES = YES;
				CLANG_ENABLE_OBJC_ARC = YES;
				CLANG_WARN_BOOL_CONVERSION = YES;
				CLANG_WARN_CONSTANT_CONVERSION = YES;
				CLANG_WARN_DIRECT_OBJC_ISA_USAGE = YES_ERROR;
				CLANG_WARN_DOCUMENTATION_COMMENTS = YES;
				CLANG_WARN_EMPTY_BODY = YES;
				CLANG_WARN_ENUM_CONVERSION = YES;
				CLANG_WARN_INFINITE_RECURSION = YES;
				CLANG_WARN_INT_CONVERSION = YES;
				CLANG_WARN_OBJC_ROOT_CLASS = YES_ERROR;
				CLANG_WARN_SUSPICIOUS_MOVE = YES;
				CLANG_WARN_UNREACHABLE_CODE = YES;
				CLANG_WARN__DUPLICATE_METHOD_MATCH = YES;
				"CODE_SIGN_IDENTITY[sdk=iphoneos*]" = "iPhone Developer";
				COPY_PHASE_STRIP = NO;
				DEBUG_INFORMATION_FORMAT = dwarf;
				ENABLE_STRICT_OBJC_MSGSEND = YES;
				ENABLE_TESTABILITY = YES;
				GCC_C_LANGUAGE_STANDARD = gnu99;
				GCC_DYNAMIC_NO_PIC = NO;
				GCC_NO_COMMON_BLOCKS = YES;
				GCC_OPTIMIZATION_LEVEL = 0;
				GCC_PREPROCESSOR_DEFINITIONS = (
					"DEBUG=1",
					"$(inherited)",
				);
				GCC_WARN_64_TO_32_BIT_CONVERSION = YES;
				GCC_WARN_ABOUT_RETURN_TYPE = YES_ERROR;
				GCC_WARN_UNDECLARED_SELECTOR = YES;
				GCC_WARN_UNINITIALIZED_AUTOS = YES_AGGRESSIVE;
				GCC_WARN_UNUSED_FUNCTION = YES;
				GCC_WARN_UNUSED_VARIABLE = YES;
				IPHONEOS_DEPLOYMENT_TARGET = 10.3;
				MTL_ENABLE_DEBUG_INFO = YES;
				ONLY_ACTIVE_ARCH = YES;
				SDKROOT = iphoneos;
				SWIFT_ACTIVE_COMPILATION_CONDITIONS = DEBUG;
				SWIFT_OPTIMIZATION_LEVEL = "-Onone";
				TARGETED_DEVICE_FAMILY = "1,2";
			};
			name = Debug;
		};
		F443D5B622A7D8D300D1675D /* Release */ = {
			isa = XCBuildConfiguration;
			buildSettings = {
				ALWAYS_SEARCH_USER_PATHS = NO;
				CLANG_ANALYZER_NONNULL = YES;
				CLANG_ANALYZER_NUMBER_OBJECT_CONVERSION = YES_AGGRESSIVE;
				CLANG_CXX_LANGUAGE_STANDARD = "gnu++0x";
				CLANG_CXX_LIBRARY = "libc++";
				CLANG_ENABLE_MODULES = YES;
				CLANG_ENABLE_OBJC_ARC = YES;
				CLANG_WARN_BOOL_CONVERSION = YES;
				CLANG_WARN_CONSTANT_CONVERSION = YES;
				CLANG_WARN_DIRECT_OBJC_ISA_USAGE = YES_ERROR;
				CLANG_WARN_DOCUMENTATION_COMMENTS = YES;
				CLANG_WARN_EMPTY_BODY = YES;
				CLANG_WARN_ENUM_CONVERSION = YES;
				CLANG_WARN_INFINITE_RECURSION = YES;
				CLANG_WARN_INT_CONVERSION = YES;
				CLANG_WARN_OBJC_ROOT_CLASS = YES_ERROR;
				CLANG_WARN_SUSPICIOUS_MOVE = YES;
				CLANG_WARN_UNREACHABLE_CODE = YES;
				CLANG_WARN__DUPLICATE_METHOD_MATCH = YES;
				"CODE_SIGN_IDENTITY[sdk=iphoneos*]" = "iPhone Developer";
				COPY_PHASE_STRIP = NO;
				DEBUG_INFORMATION_FORMAT = "dwarf-with-dsym";
				ENABLE_NS_ASSERTIONS = NO;
				ENABLE_STRICT_OBJC_MSGSEND = YES;
				GCC_C_LANGUAGE_STANDARD = gnu99;
				GCC_NO_COMMON_BLOCKS = YES;
				GCC_WARN_64_TO_32_BIT_CONVERSION = YES;
				GCC_WARN_ABOUT_RETURN_TYPE = YES_ERROR;
				GCC_WARN_UNDECLARED_SELECTOR = YES;
				GCC_WARN_UNINITIALIZED_AUTOS = YES_AGGRESSIVE;
				GCC_WARN_UNUSED_FUNCTION = YES;
				GCC_WARN_UNUSED_VARIABLE = YES;
				IPHONEOS_DEPLOYMENT_TARGET = 10.3;
				MTL_ENABLE_DEBUG_INFO = NO;
				SDKROOT = iphoneos;
				SWIFT_OPTIMIZATION_LEVEL = "-Owholemodule";
				TARGETED_DEVICE_FAMILY = "1,2";
				VALIDATE_PRODUCT = YES;
			};
			name = Release;
		};
		F443D5B822A7D8D300D1675D /* Debug */ = {
			isa = XCBuildConfiguration;
			baseConfigurationReference = E12EAD2AAC18B78F663CC848 /* Pods-NewsArchives.debug.xcconfig */;
			buildSettings = {
				ASSETCATALOG_COMPILER_APPICON_NAME = AppIcon;
				INFOPLIST_FILE = NewsArchives/Info.plist;
				LD_RUNPATH_SEARCH_PATHS = "$(inherited) @executable_path/Frameworks";
				PRODUCT_BUNDLE_IDENTIFIER = Shaunak.NewsArchives;
				PRODUCT_NAME = "$(TARGET_NAME)";
				SWIFT_VERSION = 4.0;
			};
			name = Debug;
		};
		F443D5B922A7D8D300D1675D /* Release */ = {
			isa = XCBuildConfiguration;
			baseConfigurationReference = 6CF5CCFFAE496EF9C54AFCAD /* Pods-NewsArchives.release.xcconfig */;
			buildSettings = {
				ASSETCATALOG_COMPILER_APPICON_NAME = AppIcon;
				INFOPLIST_FILE = NewsArchives/Info.plist;
				LD_RUNPATH_SEARCH_PATHS = "$(inherited) @executable_path/Frameworks";
				PRODUCT_BUNDLE_IDENTIFIER = Shaunak.NewsArchives;
				PRODUCT_NAME = "$(TARGET_NAME)";
				SWIFT_VERSION = 4.0;
			};
			name = Release;
		};
/* End XCBuildConfiguration section */

/* Begin XCConfigurationList section */
		F443D59D22A7D8D300D1675D /* Build configuration list for PBXProject "NewsArchives" */ = {
			isa = XCConfigurationList;
			buildConfigurations = (
				F443D5B522A7D8D300D1675D /* Debug */,
				F443D5B622A7D8D300D1675D /* Release */,
			);
			defaultConfigurationIsVisible = 0;
			defaultConfigurationName = Release;
		};
		F443D5B722A7D8D300D1675D /* Build configuration list for PBXNativeTarget "NewsArchives" */ = {
			isa = XCConfigurationList;
			buildConfigurations = (
				F443D5B822A7D8D300D1675D /* Debug */,
				F443D5B922A7D8D300D1675D /* Release */,
			);
			defaultConfigurationIsVisible = 0;
			defaultConfigurationName = Release;
		};
/* End XCConfigurationList section */

/* Begin XCVersionGroup section */
		F443D5AC22A7D8D300D1675D /* NewsArchives.xcdatamodeld */ = {
			isa = XCVersionGroup;
			children = (
				F443D5AD22A7D8D300D1675D /* NewsArchives.xcdatamodel */,
			);
			currentVersion = F443D5AD22A7D8D300D1675D /* NewsArchives.xcdatamodel */;
			path = NewsArchives.xcdatamodeld;
			sourceTree = "<group>";
			versionGroupType = wrapper.xcdatamodel;
		};
/* End XCVersionGroup section */
	};
	rootObject = F443D59A22A7D8D300D1675D /* Project object */;
}
